
Microsoft Visual Studio Solution File, Format Version 12.00
# Visual Studio Version 17
VisualStudioVersion = 17.0.31903.59
MinimumVisualStudioVersion = 10.0.40219.1
Project("{00D1A9C2-B5F0-4AF3-8072-F6C62B433612}") = "HotelAppDB", "HotelAppDB\HotelAppDB.sqlproj", "{6FA7F021-D1A3-4766-80D2-B8E1F6532790}"
EndProject
Project("{FAE04EC0-301F-11D3-BF4B-00C04F79EFBC}") = "HotelAppLibrary", "HotelAppLibrary\HotelAppLibrary.csproj", "{DFB5C217-4438-4E99-88C7-FB2ACDA03920}"
EndProject
Global
	GlobalSection(SolutionConfigurationPlatforms) = preSolution
		Debug|Any CPU = Debug|Any CPU
		Release|Any CPU = Release|Any CPU
	EndGlobalSection
	GlobalSection(ProjectConfigurationPlatforms) = postSolution
		{6FA7F021-D1A3-4766-80D2-B8E1F6532790}.Debug|Any CPU.ActiveCfg = Debug|Any CPU
		{6FA7F021-D1A3-4766-80D2-B8E1F6532790}.Debug|Any CPU.Build.0 = Debug|Any CPU
		{6FA7F021-D1A3-4766-80D2-B8E1F6532790}.Debug|Any CPU.Deploy.0 = Debug|Any CPU
		{6FA7F021-D1A3-4766-80D2-B8E1F6532790}.Release|Any CPU.ActiveCfg = Release|Any CPU
		{6FA7F021-D1A3-4766-80D2-B8E1F6532790}.Release|Any CPU.Build.0 = Release|Any CPU
		{6FA7F021-D1A3-4766-80D2-B8E1F6532790}.Release|Any CPU.Deploy.0 = Release|Any CPU
		{DFB5C217-4438-4E99-88C7-FB2ACDA03920}.Debug|Any CPU.ActiveCfg = Debug|Any CPU
		{DFB5C217-4438-4E99-88C7-FB2ACDA03920}.Debug|Any CPU.Build.0 = Debug|Any CPU
		{DFB5C217-4438-4E99-88C7-FB2ACDA03920}.Release|Any CPU.ActiveCfg = Release|Any CPU
		{DFB5C217-4438-4E99-88C7-FB2ACDA03920}.Release|Any CPU.Build.0 = Release|Any CPU
	EndGlobalSection
	GlobalSection(SolutionProperties) = preSolution
		HideSolutionNode = FALSE
	EndGlobalSection
	GlobalSection(ExtensibilityGlobals) = postSolution
		SolutionGuid = {109AD5D1-A353-4AAF-9810-AD70CFABDD85}
	EndGlobalSection
EndGlobal
